
Microsoft Visual Studio Solution File, Format Version 12.00
# Visual Studio Version 17
VisualStudioVersion = 17.11.35327.3
MinimumVisualStudioVersion = 10.0.40219.1
Project("{FAE04EC0-301F-11D3-BF4B-00C04F79EFBC}") = "kursovaya2", "kursovaya2.csproj", "{80C1DDCD-A5C5-4768-8079-6792F9B07070}"
EndProject
Global
	GlobalSection(SolutionConfigurationPlatforms) = preSolution
		Debug|Any CPU = Debug|Any CPU
		Release|Any CPU = Release|Any CPU
	EndGlobalSection
	GlobalSection(ProjectConfigurationPlatforms) = postSolution
		{80C1DDCD-A5C5-4768-8079-6792F9B07070}.Debug|Any CPU.ActiveCfg = Debug|Any CPU
		{80C1DDCD-A5C5-4768-8079-6792F9B07070}.Debug|Any CPU.Build.0 = Debug|Any CPU
		{80C1DDCD-A5C5-4768-8079-6792F9B07070}.Release|Any CPU.ActiveCfg = Release|Any CPU
		{80C1DDCD-A5C5-4768-8079-6792F9B07070}.Release|Any CPU.Build.0 = Release|Any CPU
	EndGlobalSection
	GlobalSection(SolutionProperties) = preSolution
		HideSolutionNode = FALSE
	EndGlobalSection
	GlobalSection(ExtensibilityGlobals) = postSolution
		SolutionGuid = {762C32C0-5CF2-40AE-863D-B858DEB331CD}
	EndGlobalSection
EndGlobal
